// !$*UTF8*$!
{
	archiveVersion = 1;
	classes = {
	};
	objectVersion = 48;
	objects = {

/* Begin PBXBuildFile section */
		653F100E208685BC003D2635 /* AppDelegate.swift in Sources */ = {isa = PBXBuildFile; fileRef = 653F100D208685BC003D2635 /* AppDelegate.swift */; };
		653F1010208685BC003D2635 /* ViewController.swift in Sources */ = {isa = PBXBuildFile; fileRef = 653F100F208685BC003D2635 /* ViewController.swift */; };
		653F1013208685BC003D2635 /* Main.storyboard in Resources */ = {isa = PBXBuildFile; fileRef = 653F1011208685BC003D2635 /* Main.storyboard */; };
		653F1015208685BC003D2635 /* Assets.xcassets in Resources */ = {isa = PBXBuildFile; fileRef = 653F1014208685BC003D2635 /* Assets.xcassets */; };
		653F1018208685BC003D2635 /* LaunchScreen.storyboard in Resources */ = {isa = PBXBuildFile; fileRef = 653F1016208685BC003D2635 /* LaunchScreen.storyboard */; };
		653F102720868C31003D2635 /* Roundable.swift in Sources */ = {isa = PBXBuildFile; fileRef = 653F102420868C31003D2635 /* Roundable.swift */; };
		653F102820868C31003D2635 /* RoundedCollectionViewCell.swift in Sources */ = {isa = PBXBuildFile; fileRef = 653F102520868C31003D2635 /* RoundedCollectionViewCell.swift */; };
		653F102920868C31003D2635 /* RoundedView.swift in Sources */ = {isa = PBXBuildFile; fileRef = 653F102620868C31003D2635 /* RoundedView.swift */; };
		65453A0420A4279800248B57 /* CollectionViewCenterLayout.swift in Sources */ = {isa = PBXBuildFile; fileRef = 65453A0320A4279800248B57 /* CollectionViewCenterLayout.swift */; };
/* End PBXBuildFile section */

/* Begin PBXFileReference section */
		653F100A208685BC003D2635 /* CenteredCollectionView-Sample.app */ = {isa = PBXFileReference; explicitFileType = wrapper.application; includeInIndex = 0; path = "CenteredCollectionView-Sample.app"; sourceTree = BUILT_PRODUCTS_DIR; };
		653F100D208685BC003D2635 /* AppDelegate.swift */ = {isa = PBXFileReference; lastKnownFileType = sourcecode.swift; path = AppDelegate.swift; sourceTree = "<group>"; };
		653F100F208685BC003D2635 /* ViewController.swift */ = {isa = PBXFileReference; lastKnownFileType = sourcecode.swift; path = ViewController.swift; sourceTree = "<group>"; };
		653F1012208685BC003D2635 /* Base */ = {isa = PBXFileReference; lastKnownFileType = file.storyboard; name = Base; path = Base.lproj/Main.storyboard; sourceTree = "<group>"; };
		653F1014208685BC003D2635 /* Assets.xcassets */ = {isa = PBXFileReference; lastKnownFileType = folder.assetcatalog; path = Assets.xcassets; sourceTree = "<group>"; };
		653F1017208685BC003D2635 /* Base */ = {isa = PBXFileReference; lastKnownFileType = file.storyboard; name = Base; path = Base.lproj/LaunchScreen.storyboard; sourceTree = "<group>"; };
		653F1019208685BC003D2635 /* Info.plist */ = {isa = PBXFileReference; lastKnownFileType = text.plist.xml; path = Info.plist; sourceTree = "<group>"; };
		653F102420868C31003D2635 /* Roundable.swift */ = {isa = PBXFileReference; fileEncoding = 4; lastKnownFileType = sourcecode.swift; path = Roundable.swift; sourceTree = "<group>"; };
		653F102520868C31003D2635 /* RoundedCollectionViewCell.swift */ = {isa = PBXFileReference; fileEncoding = 4; lastKnownFileType = sourcecode.swift; path = RoundedCollectionViewCell.swift; sourceTree = "<group>"; };
		653F102620868C31003D2635 /* RoundedView.swift */ = {isa = PBXFileReference; fileEncoding = 4; lastKnownFileType = sourcecode.swift; path = RoundedView.swift; sourceTree = "<group>"; };
		65453A0320A4279800248B57 /* CollectionViewCenterLayout.swift */ = {isa = PBXFileReference; fileEncoding = 4; lastKnownFileType = sourcecode.swift; name = CollectionViewCenterLayout.swift; path = ../../CollectionViewCenterLayout.swift; sourceTree = "<group>"; };
/* End PBXFileReference section */

/* Begin PBXFrameworksBuildPhase section */
		653F1007208685BC003D2635 /* Frameworks */ = {
			isa = PBXFrameworksBuildPhase;
			buildActionMask = 2147483647;
			files = (
			);
			runOnlyForDeploymentPostprocessing = 0;
		};
/* End PBXFrameworksBuildPhase section */

/* Begin PBXGroup section */
		653F1001208685BC003D2635 = {
			isa = PBXGroup;
			children = (
				653F100C208685BC003D2635 /* CenteredCollectionView-Sample */,
				653F100B208685BC003D2635 /* Products */,
			);
			sourceTree = "<group>";
		};
		653F100B208685BC003D2635 /* Products */ = {
			isa = PBXGroup;
			children = (
				653F100A208685BC003D2635 /* CenteredCollectionView-Sample.app */,
			);
			name = Products;
			sourceTree = "<group>";
		};
		653F100C208685BC003D2635 /* CenteredCollectionView-Sample */ = {
			isa = PBXGroup;
			children = (
				653F102320868C1A003D2635 /* Common */,
				653F100D208685BC003D2635 /* AppDelegate.swift */,
				653F100F208685BC003D2635 /* ViewController.swift */,
				65453A0320A4279800248B57 /* CollectionViewCenterLayout.swift */,
				653F102220868BEA003D2635 /* Storyboards */,
				653F102120868BDA003D2635 /* Resources */,
			);
			path = "CenteredCollectionView-Sample";
			sourceTree = "<group>";
		};
		653F102120868BDA003D2635 /* Resources */ = {
			isa = PBXGroup;
			children = (
				653F1019208685BC003D2635 /* Info.plist */,
				653F1014208685BC003D2635 /* Assets.xcassets */,
			);
			path = Resources;
			sourceTree = "<group>";
		};
		653F102220868BEA003D2635 /* Storyboards */ = {
			isa = PBXGroup;
			children = (
				653F1016208685BC003D2635 /* LaunchScreen.storyboard */,
				653F1011208685BC003D2635 /* Main.storyboard */,
			);
			path = Storyboards;
			sourceTree = "<group>";
		};
		653F102320868C1A003D2635 /* Common */ = {
			isa = PBXGroup;
			children = (
				653F102420868C31003D2635 /* Roundable.swift */,
				653F102620868C31003D2635 /* RoundedView.swift */,
				653F102520868C31003D2635 /* RoundedCollectionViewCell.swift */,
			);
			path = Common;
			sourceTree = "<group>";
		};
/* End PBXGroup section */

/* Begin PBXNativeTarget section */
		653F1009208685BC003D2635 /* CenteredCollectionView-Sample */ = {
			isa = PBXNativeTarget;
			buildConfigurationList = 653F101C208685BC003D2635 /* Build configuration list for PBXNativeTarget "CenteredCollectionView-Sample" */;
			buildPhases = (
				653F1006208685BC003D2635 /* Sources */,
				653F1007208685BC003D2635 /* Frameworks */,
				653F1008208685BC003D2635 /* Resources */,
			);
			buildRules = (
			);
			dependencies = (
			);
			name = "CenteredCollectionView-Sample";
			productName = "CenteredCollectionView-Sample";
			productReference = 653F100A208685BC003D2635 /* CenteredCollectionView-Sample.app */;
			productType = "com.apple.product-type.application";
		};
/* End PBXNativeTarget section */

/* Begin PBXProject section */
		653F1002208685BC003D2635 /* Project object */ = {
			isa = PBXProject;
			attributes = {
				LastSwiftUpdateCheck = 0920;
				LastUpgradeCheck = 0920;
				ORGANIZATIONNAME = "Dejan Skledar";
				TargetAttributes = {
					653F1009208685BC003D2635 = {
						CreatedOnToolsVersion = 9.2;
						ProvisioningStyle = Automatic;
					};
				};
			};
			buildConfigurationList = 653F1005208685BC003D2635 /* Build configuration list for PBXProject "CenteredCollectionView-Sample" */;
			compatibilityVersion = "Xcode 8.0";
			developmentRegion = en;
			hasScannedForEncodings = 0;
			knownRegions = (
				en,
				Base,
			);
			mainGroup = 653F1001208685BC003D2635;
			productRefGroup = 653F100B208685BC003D2635 /* Products */;
			projectDirPath = "";
			projectRoot = "";
			targets = (
				653F1009208685BC003D2635 /* CenteredCollectionView-Sample */,
			);
		};
/* End PBXProject section */

/* Begin PBXResourcesBuildPhase section */
		653F1008208685BC003D2635 /* Resources */ = {
			isa = PBXResourcesBuildPhase;
			buildActionMask = 2147483647;
			files = (
				653F1018208685BC003D2635 /* LaunchScreen.storyboard in Resources */,
				653F1015208685BC003D2635 /* Assets.xcassets in Resources */,
				653F1013208685BC003D2635 /* Main.storyboard in Resources */,
			);
			runOnlyForDeploymentPostprocessing = 0;
		};
/* End PBXResourcesBuildPhase section */

/* Begin PBXSourcesBuildPhase section */
		653F1006208685BC003D2635 /* Sources */ = {
			isa = PBXSourcesBuildPhase;
			buildActionMask = 2147483647;
			files = (
				653F1010208685BC003D2635 /* ViewController.swift in Sources */,
				653F102920868C31003D2635 /* RoundedView.swift in Sources */,
				653F102820868C31003D2635 /* RoundedCollectionViewCell.swift in Sources */,
				653F102720868C31003D2635 /* Roundable.swift in Sources */,
				65453A0420A4279800248B57 /* CollectionViewCenterLayout.swift in Sources */,
				653F100E208685BC003D2635 /* AppDelegate.swift in Sources */,
			);
			runOnlyForDeploymentPostprocessing = 0;
		};
/* End PBXSourcesBuildPhase section */

/* Begin PBXVariantGroup section */
		653F1011208685BC003D2635 /* Main.storyboard */ = {
			isa = PBXVariantGroup;
			children = (
				653F1012208685BC003D2635 /* Base */,
			);
			name = Main.storyboard;
			sourceTree = "<group>";
		};
		653F1016208685BC003D2635 /* LaunchScreen.storyboard */ = {
			isa = PBXVariantGroup;
			children = (
				653F1017208685BC003D2635 /* Base */,
			);
			name = LaunchScreen.storyboard;
			sourceTree = "<group>";
		};
/* End PBXVariantGroup section */

/* Begin XCBuildConfiguration section */
		653F101A208685BC003D2635 /* Debug */ = {
			isa = XCBuildConfiguration;
			buildSettings = {
				ALWAYS_SEARCH_USER_PATHS = NO;
				CLANG_ANALYZER_NONNULL = YES;
				CLANG_ANALYZER_NUMBER_OBJECT_CONVERSION = YES_AGGRESSIVE;
				CLANG_CXX_LANGUAGE_STANDARD = "gnu++14";
				CLANG_CXX_LIBRARY = "libc++";
				CLANG_ENABLE_MODULES = YES;
				CLANG_ENABLE_OBJC_ARC = YES;
				CLANG_WARN_BLOCK_CAPTURE_AUTORELEASING = YES;
				CLANG_WARN_BOOL_CONVERSION = YES;
				CLANG_WARN_COMMA = YES;
				CLANG_WARN_CONSTANT_CONVERSION = YES;
				CLANG_WARN_DIRECT_OBJC_ISA_USAGE = YES_ERROR;
				CLANG_WARN_DOCUMENTATION_COMMENTS = YES;
				CLANG_WARN_EMPTY_BODY = YES;
				CLANG_WARN_ENUM_CONVERSION = YES;
				CLANG_WARN_INFINITE_RECURSION = YES;
				CLANG_WARN_INT_CONVERSION = YES;
				CLANG_WARN_NON_LITERAL_NULL_CONVERSION = YES;
				CLANG_WARN_OBJC_LITERAL_CONVERSION = YES;
				CLANG_WARN_OBJC_ROOT_CLASS = YES_ERROR;
				CLANG_WARN_RANGE_LOOP_ANALYSIS = YES;
				CLANG_WARN_STRICT_PROTOTYPES = YES;
				CLANG_WARN_SUSPICIOUS_MOVE = YES;
				CLANG_WARN_UNGUARDED_AVAILABILITY = YES_AGGRESSIVE;
				CLANG_WARN_UNREACHABLE_CODE = YES;
				CLANG_WARN__DUPLICATE_METHOD_MATCH = YES;
				CODE_SIGN_IDENTITY = "iPhone Developer";
				COPY_PHASE_STRIP = NO;
				DEBUG_INFORMATION_FORMAT = dwarf;
				ENABLE_STRICT_OBJC_MSGSEND = YES;
				ENABLE_TESTABILITY = YES;
				GCC_C_LANGUAGE_STANDARD = gnu11;
				GCC_DYNAMIC_NO_PIC = NO;
				GCC_NO_COMMON_BLOCKS = YES;
				GCC_OPTIMIZATION_LEVEL = 0;
				GCC_PREPROCESSOR_DEFINITIONS = (
					"DEBUG=1",
					"$(inherited)",
				);
				GCC_WARN_64_TO_32_BIT_CONVERSION = YES;
				GCC_WARN_ABOUT_RETURN_TYPE = YES_ERROR;
				GCC_WARN_UNDECLARED_SELECTOR = YES;
				GCC_WARN_UNINITIALIZED_AUTOS = YES_AGGRESSIVE;
				GCC_WARN_UNUSED_FUNCTION = YES;
				GCC_WARN_UNUSED_VARIABLE = YES;
				IPHONEOS_DEPLOYMENT_TARGET = 11.2;
				MTL_ENABLE_DEBUG_INFO = YES;
				ONLY_ACTIVE_ARCH = YES;
				SDKROOT = iphoneos;
				SWIFT_ACTIVE_COMPILATION_CONDITIONS = DEBUG;
				SWIFT_OPTIMIZATION_LEVEL = "-Onone";
			};
			name = Debug;
		};
		653F101B208685BC003D2635 /* Release */ = {
			isa = XCBuildConfiguration;
			buildSettings = {
				ALWAYS_SEARCH_USER_PATHS = NO;
				CLANG_ANALYZER_NONNULL = YES;
				CLANG_ANALYZER_NUMBER_OBJECT_CONVERSION = YES_AGGRESSIVE;
				CLANG_CXX_LANGUAGE_STANDARD = "gnu++14";
				CLANG_CXX_LIBRARY = "libc++";
				CLANG_ENABLE_MODULES = YES;
				CLANG_ENABLE_OBJC_ARC = YES;
				CLANG_WARN_BLOCK_CAPTURE_AUTORELEASING = YES;
				CLANG_WARN_BOOL_CONVERSION = YES;
				CLANG_WARN_COMMA = YES;
				CLANG_WARN_CONSTANT_CONVERSION = YES;
				CLANG_WARN_DIRECT_OBJC_ISA_USAGE = YES_ERROR;
				CLANG_WARN_DOCUMENTATION_COMMENTS = YES;
				CLANG_WARN_EMPTY_BODY = YES;
				CLANG_WARN_ENUM_CONVERSION = YES;
				CLANG_WARN_INFINITE_RECURSION = YES;
				CLANG_WARN_INT_CONVERSION = YES;
				CLANG_WARN_NON_LITERAL_NULL_CONVERSION = YES;
				CLANG_WARN_OBJC_LITERAL_CONVERSION = YES;
				CLANG_WARN_OBJC_ROOT_CLASS = YES_ERROR;
				CLANG_WARN_RANGE_LOOP_ANALYSIS = YES;
				CLANG_WARN_STRICT_PROTOTYPES = YES;
				CLANG_WARN_SUSPICIOUS_MOVE = YES;
				CLANG_WARN_UNGUARDED_AVAILABILITY = YES_AGGRESSIVE;
				CLANG_WARN_UNREACHABLE_CODE = YES;
				CLANG_WARN__DUPLICATE_METHOD_MATCH = YES;
				CODE_SIGN_IDENTITY = "iPhone Developer";
				COPY_PHASE_STRIP = NO;
				DEBUG_INFORMATION_FORMAT = "dwarf-with-dsym";
				ENABLE_NS_ASSERTIONS = NO;
				ENABLE_STRICT_OBJC_MSGSEND = YES;
				GCC_C_LANGUAGE_STANDARD = gnu11;
				GCC_NO_COMMON_BLOCKS = YES;
				GCC_WARN_64_TO_32_BIT_CONVERSION = YES;
				GCC_WARN_ABOUT_RETURN_TYPE = YES_ERROR;
				GCC_WARN_UNDECLARED_SELECTOR = YES;
				GCC_WARN_UNINITIALIZED_AUTOS = YES_AGGRESSIVE;
				GCC_WARN_UNUSED_FUNCTION = YES;
				GCC_WARN_UNUSED_VARIABLE = YES;
				IPHONEOS_DEPLOYMENT_TARGET = 11.2;
				MTL_ENABLE_DEBUG_INFO = NO;
				SDKROOT = iphoneos;
				SWIFT_OPTIMIZATION_LEVEL = "-Owholemodule";
				VALIDATE_PRODUCT = YES;
			};
			name = Release;
		};
		653F101D208685BC003D2635 /* Debug */ = {
			isa = XCBuildConfiguration;
			buildSettings = {
				ASSETCATALOG_COMPILER_APPICON_NAME = AppIcon;
				CODE_SIGN_STYLE = Automatic;
				INFOPLIST_FILE = "$(SRCROOT)/CenteredCollectionView-Sample/Resources/Info.plist";
				LD_RUNPATH_SEARCH_PATHS = "$(inherited) @executable_path/Frameworks";
				PRODUCT_BUNDLE_IDENTIFIER = "com.equaleyes.CenteredCollectionView-Sample";
				PRODUCT_NAME = "$(TARGET_NAME)";
				SWIFT_VERSION = 4.0;
				TARGETED_DEVICE_FAMILY = "1,2";
			};
			name = Debug;
		};
		653F101E208685BC003D2635 /* Release */ = {
			isa = XCBuildConfiguration;
			buildSettings = {
				ASSETCATALOG_COMPILER_APPICON_NAME = AppIcon;
				CODE_SIGN_STYLE = Automatic;
				INFOPLIST_FILE = "$(SRCROOT)/CenteredCollectionView-Sample/Resources/Info.plist";
				LD_RUNPATH_SEARCH_PATHS = "$(inherited) @executable_path/Frameworks";
				PRODUCT_BUNDLE_IDENTIFIER = "com.equaleyes.CenteredCollectionView-Sample";
				PRODUCT_NAME = "$(TARGET_NAME)";
				SWIFT_VERSION = 4.0;
				TARGETED_DEVICE_FAMILY = "1,2";
			};
			name = Release;
		};
/* End XCBuildConfiguration section */

/* Begin XCConfigurationList section */
		653F1005208685BC003D2635 /* Build configuration list for PBXProject "CenteredCollectionView-Sample" */ = {
			isa = XCConfigurationList;
			buildConfigurations = (
				653F101A208685BC003D2635 /* Debug */,
				653F101B208685BC003D2635 /* Release */,
			);
			defaultConfigurationIsVisible = 0;
			defaultConfigurationName = Release;
		};
		653F101C208685BC003D2635 /* Build configuration list for PBXNativeTarget "CenteredCollectionView-Sample" */ = {
			isa = XCConfigurationList;
			buildConfigurations = (
				653F101D208685BC003D2635 /* Debug */,
				653F101E208685BC003D2635 /* Release */,
			);
			defaultConfigurationIsVisible = 0;
			defaultConfigurationName = Release;
		};
/* End XCConfigurationList section */
	};
	rootObject = 653F1002208685BC003D2635 /* Project object */;
}
